// !$*UTF8*$!
{
	archiveVersion = 1;
	classes = {
	};
	objectVersion = 46;
	objects = {

/* Begin PBXBuildFile section */
		FD4C71391ADA4F7800DA9AF8 /* main.m in Sources */ = {isa = PBXBuildFile; fileRef = FD4C71361ADA4F7800DA9AF8 /* main.m */; };
		FD4C71581ADA5F8F00DA9AF8 /* Franction.m in Sources */ = {isa = PBXBuildFile; fileRef = FD4C71541ADA5F8F00DA9AF8 /* Franction.m */; };
		FD4C715F1ADA5FAD00DA9AF8 /* NSLogPrint.m in Sources */ = {isa = PBXBuildFile; fileRef = FD4C715C1ADA5FAD00DA9AF8 /* NSLogPrint.m */; };
		FD4C71671ADA66ED00DA9AF8 /* XYPoint.m in Sources */ = {isa = PBXBuildFile; fileRef = FD4C71661ADA66ED00DA9AF8 /* XYPoint.m */; };
		FD4C716C1ADA9E5400DA9AF8 /* Calculator.m in Sources */ = {isa = PBXBuildFile; fileRef = FD4C716B1ADA9E5400DA9AF8 /* Calculator.m */; };
/* End PBXBuildFile section */

/* Begin PBXCopyFilesBuildPhase section */
		FDE380141A1B78710033FFB1 /* CopyFiles */ = {
			isa = PBXCopyFilesBuildPhase;
			buildActionMask = 2147483647;
			dstPath = /usr/share/man/man1;
			dstSubfolderSpec = 0;
			files = (
			);
			runOnlyForDeploymentPostprocessing = 1;
		};
/* End PBXCopyFilesBuildPhase section */

/* Begin PBXFileReference section */
		FD4C71361ADA4F7800DA9AF8 /* main.m */ = {isa = PBXFileReference; fileEncoding = 4; lastKnownFileType = sourcecode.c.objc; name = main.m; path = ../main.m; sourceTree = "<group>"; };
		FD4C71541ADA5F8F00DA9AF8 /* Franction.m */ = {isa = PBXFileReference; fileEncoding = 4; lastKnownFileType = sourcecode.c.objc; path = Franction.m; sourceTree = "<group>"; };
		FD4C71551ADA5F8F00DA9AF8 /* Franction.h */ = {isa = PBXFileReference; fileEncoding = 4; lastKnownFileType = sourcecode.c.h; path = Franction.h; sourceTree = "<group>"; };
		FD4C715B1ADA5FAD00DA9AF8 /* NSLogPrint.h */ = {isa = PBXFileReference; fileEncoding = 4; lastKnownFileType = sourcecode.c.h; path = NSLogPrint.h; sourceTree = "<group>"; };
		FD4C715C1ADA5FAD00DA9AF8 /* NSLogPrint.m */ = {isa = PBXFileReference; fileEncoding = 4; lastKnownFileType = sourcecode.c.objc; path = NSLogPrint.m; sourceTree = "<group>"; };
		FD4C71611ADA655D00DA9AF8 /* XYPoint.h */ = {isa = PBXFileReference; lastKnownFileType = sourcecode.c.h; path = XYPoint.h; sourceTree = "<group>"; };
		FD4C71661ADA66ED00DA9AF8 /* XYPoint.m */ = {isa = PBXFileReference; fileEncoding = 4; lastKnownFileType = sourcecode.c.objc; path = XYPoint.m; sourceTree = "<group>"; };
		FD4C716A1ADA74C600DA9AF8 /* Calculator.h */ = {isa = PBXFileReference; fileEncoding = 4; lastKnownFileType = sourcecode.c.h; path = Calculator.h; sourceTree = "<group>"; };
		FD4C716B1ADA9E5400DA9AF8 /* Calculator.m */ = {isa = PBXFileReference; fileEncoding = 4; lastKnownFileType = sourcecode.c.objc; path = Calculator.m; sourceTree = "<group>"; };
		FDE380161A1B78710033FFB1 /* OCLearning */ = {isa = PBXFileReference; explicitFileType = "compiled.mach-o.executable"; includeInIndex = 0; path = OCLearning; sourceTree = BUILT_PRODUCTS_DIR; };
/* End PBXFileReference section */

/* Begin PBXFrameworksBuildPhase section */
		FDE380131A1B78710033FFB1 /* Frameworks */ = {
			isa = PBXFrameworksBuildPhase;
			buildActionMask = 2147483647;
			files = (
			);
			runOnlyForDeploymentPostprocessing = 0;
		};
/* End PBXFrameworksBuildPhase section */

/* Begin PBXGroup section */
		FD4C71531ADA5F8F00DA9AF8 /* Chapter3 */ = {
			isa = PBXGroup;
			children = (
				FD4C71541ADA5F8F00DA9AF8 /* Franction.m */,
				FD4C71551ADA5F8F00DA9AF8 /* Franction.h */,
				FD4C71611ADA655D00DA9AF8 /* XYPoint.h */,
				FD4C71661ADA66ED00DA9AF8 /* XYPoint.m */,
			);
			path = Chapter3;
			sourceTree = "<group>";
		};
		FD4C715A1ADA5FAD00DA9AF8 /* Chapter2 */ = {
			isa = PBXGroup;
			children = (
				FD4C715B1ADA5FAD00DA9AF8 /* NSLogPrint.h */,
				FD4C715C1ADA5FAD00DA9AF8 /* NSLogPrint.m */,
			);
			path = Chapter2;
			sourceTree = "<group>";
		};
		FD4C71691ADA74C600DA9AF8 /* Chapter4 */ = {
			isa = PBXGroup;
			children = (
				FD4C716A1ADA74C600DA9AF8 /* Calculator.h */,
				FD4C716B1ADA9E5400DA9AF8 /* Calculator.m */,
				FD4C71361ADA4F7800DA9AF8 /* main.m */,
			);
			path = Chapter4;
			sourceTree = "<group>";
		};
		FDE3800D1A1B78710033FFB1 = {
			isa = PBXGroup;
			children = (
				FDE380181A1B78710033FFB1 /* OCLearning */,
				FDE380171A1B78710033FFB1 /* Products */,
			);
			sourceTree = "<group>";
		};
		FDE380171A1B78710033FFB1 /* Products */ = {
			isa = PBXGroup;
			children = (
				FDE380161A1B78710033FFB1 /* OCLearning */,
			);
			name = Products;
			sourceTree = "<group>";
		};
		FDE380181A1B78710033FFB1 /* OCLearning */ = {
			isa = PBXGroup;
			children = (
				FD4C715A1ADA5FAD00DA9AF8 /* Chapter2 */,
				FD4C71531ADA5F8F00DA9AF8 /* Chapter3 */,
				FD4C71691ADA74C600DA9AF8 /* Chapter4 */,
			);
			path = OCLearning;
			sourceTree = "<group>";
		};
/* End PBXGroup section */

/* Begin PBXNativeTarget section */
		FDE380151A1B78710033FFB1 /* OCLearning */ = {
			isa = PBXNativeTarget;
			buildConfigurationList = FDE3801D1A1B78710033FFB1 /* Build configuration list for PBXNativeTarget "OCLearning" */;
			buildPhases = (
				FDE380121A1B78710033FFB1 /* Sources */,
				FDE380131A1B78710033FFB1 /* Frameworks */,
				FDE380141A1B78710033FFB1 /* CopyFiles */,
			);
			buildRules = (
			);
			dependencies = (
			);
			name = OCLearning;
			productName = OCLearning;
			productReference = FDE380161A1B78710033FFB1 /* OCLearning */;
			productType = "com.apple.product-type.tool";
		};
/* End PBXNativeTarget section */

/* Begin PBXProject section */
		FDE3800E1A1B78710033FFB1 /* Project object */ = {
			isa = PBXProject;
			attributes = {
				LastUpgradeCheck = 0610;
				ORGANIZATIONNAME = OCLearning;
				TargetAttributes = {
					FDE380151A1B78710033FFB1 = {
						CreatedOnToolsVersion = 6.1;
					};
				};
			};
			buildConfigurationList = FDE380111A1B78710033FFB1 /* Build configuration list for PBXProject "OCLearning" */;
			compatibilityVersion = "Xcode 3.2";
			developmentRegion = English;
			hasScannedForEncodings = 0;
			knownRegions = (
				en,
			);
			mainGroup = FDE3800D1A1B78710033FFB1;
			productRefGroup = FDE380171A1B78710033FFB1 /* Products */;
			projectDirPath = "";
			projectRoot = "";
			targets = (
				FDE380151A1B78710033FFB1 /* OCLearning */,
			);
		};
/* End PBXProject section */

/* Begin PBXSourcesBuildPhase section */
		FDE380121A1B78710033FFB1 /* Sources */ = {
			isa = PBXSourcesBuildPhase;
			buildActionMask = 2147483647;
			files = (
				FD4C71391ADA4F7800DA9AF8 /* main.m in Sources */,
				FD4C715F1ADA5FAD00DA9AF8 /* NSLogPrint.m in Sources */,
				FD4C71581ADA5F8F00DA9AF8 /* Franction.m in Sources */,
				FD4C71671ADA66ED00DA9AF8 /* XYPoint.m in Sources */,
				FD4C716C1ADA9E5400DA9AF8 /* Calculator.m in Sources */,
			);
			runOnlyForDeploymentPostprocessing = 0;
		};
/* End PBXSourcesBuildPhase section */

/* Begin XCBuildConfiguration section */
		FDE3801B1A1B78710033FFB1 /* Debug */ = {
			isa = XCBuildConfiguration;
			buildSettings = {
				ALWAYS_SEARCH_USER_PATHS = NO;
				CLANG_CXX_LANGUAGE_STANDARD = "gnu++0x";
				CLANG_CXX_LIBRARY = "libc++";
				CLANG_ENABLE_MODULES = YES;
				CLANG_ENABLE_OBJC_ARC = YES;
				CLANG_WARN_BOOL_CONVERSION = YES;
				CLANG_WARN_CONSTANT_CONVERSION = YES;
				CLANG_WARN_DIRECT_OBJC_ISA_USAGE = YES_ERROR;
				CLANG_WARN_EMPTY_BODY = YES;
				CLANG_WARN_ENUM_CONVERSION = YES;
				CLANG_WARN_INT_CONVERSION = YES;
				CLANG_WARN_OBJC_ROOT_CLASS = YES_ERROR;
				CLANG_WARN_UNREACHABLE_CODE = YES;
				CLANG_WARN__DUPLICATE_METHOD_MATCH = YES;
				COPY_PHASE_STRIP = NO;
				ENABLE_STRICT_OBJC_MSGSEND = YES;
				GCC_C_LANGUAGE_STANDARD = gnu99;
				GCC_DYNAMIC_NO_PIC = NO;
				GCC_OPTIMIZATION_LEVEL = 0;
				GCC_PREPROCESSOR_DEFINITIONS = (
					"DEBUG=1",
					"$(inherited)",
				);
				GCC_SYMBOLS_PRIVATE_EXTERN = NO;
				GCC_WARN_64_TO_32_BIT_CONVERSION = YES;
				GCC_WARN_ABOUT_RETURN_TYPE = YES_ERROR;
				GCC_WARN_UNDECLARED_SELECTOR = YES;
				GCC_WARN_UNINITIALIZED_AUTOS = YES_AGGRESSIVE;
				GCC_WARN_UNUSED_FUNCTION = YES;
				GCC_WARN_UNUSED_VARIABLE = YES;
				LINK_WITH_STANDARD_LIBRARIES = YES;
				MACOSX_DEPLOYMENT_TARGET = 10.10;
				MTL_ENABLE_DEBUG_INFO = YES;
				ONLY_ACTIVE_ARCH = YES;
				SDKROOT = macosx;
			};
			name = Debug;
		};
		FDE3801C1A1B78710033FFB1 /* Release */ = {
			isa = XCBuildConfiguration;
			buildSettings = {
				ALWAYS_SEARCH_USER_PATHS = NO;
				CLANG_CXX_LANGUAGE_STANDARD = "gnu++0x";
				CLANG_CXX_LIBRARY = "libc++";
				CLANG_ENABLE_MODULES = YES;
				CLANG_ENABLE_OBJC_ARC = YES;
				CLANG_WARN_BOOL_CONVERSION = YES;
				CLANG_WARN_CONSTANT_CONVERSION = YES;
				CLANG_WARN_DIRECT_OBJC_ISA_USAGE = YES_ERROR;
				CLANG_WARN_EMPTY_BODY = YES;
				CLANG_WARN_ENUM_CONVERSION = YES;
				CLANG_WARN_INT_CONVERSION = YES;
				CLANG_WARN_OBJC_ROOT_CLASS = YES_ERROR;
				CLANG_WARN_UNREACHABLE_CODE = YES;
				CLANG_WARN__DUPLICATE_METHOD_MATCH = YES;
				COPY_PHASE_STRIP = NO;
				DEBUG_INFORMATION_FORMAT = "dwarf-with-dsym";
				ENABLE_NS_ASSERTIONS = NO;
				ENABLE_STRICT_OBJC_MSGSEND = YES;
				GCC_C_LANGUAGE_STANDARD = gnu99;
				GCC_WARN_64_TO_32_BIT_CONVERSION = YES;
				GCC_WARN_ABOUT_RETURN_TYPE = YES_ERROR;
				GCC_WARN_UNDECLARED_SELECTOR = YES;
				GCC_WARN_UNINITIALIZED_AUTOS = YES_AGGRESSIVE;
				GCC_WARN_UNUSED_FUNCTION = YES;
				GCC_WARN_UNUSED_VARIABLE = YES;
				LINK_WITH_STANDARD_LIBRARIES = YES;
				MACOSX_DEPLOYMENT_TARGET = 10.10;
				MTL_ENABLE_DEBUG_INFO = NO;
				ONLY_ACTIVE_ARCH = YES;
				SDKROOT = macosx;
			};
			name = Release;
		};
		FDE3801E1A1B78710033FFB1 /* Debug */ = {
			isa = XCBuildConfiguration;
			buildSettings = {
				PRODUCT_NAME = "$(TARGET_NAME)";
			};
			name = Debug;
		};
		FDE3801F1A1B78710033FFB1 /* Release */ = {
			isa = XCBuildConfiguration;
			buildSettings = {
				PRODUCT_NAME = "$(TARGET_NAME)";
			};
			name = Release;
		};
/* End XCBuildConfiguration section */

/* Begin XCConfigurationList section */
		FDE380111A1B78710033FFB1 /* Build configuration list for PBXProject "OCLearning" */ = {
			isa = XCConfigurationList;
			buildConfigurations = (
				FDE3801B1A1B78710033FFB1 /* Debug */,
				FDE3801C1A1B78710033FFB1 /* Release */,
			);
			defaultConfigurationIsVisible = 0;
			defaultConfigurationName = Release;
		};
		FDE3801D1A1B78710033FFB1 /* Build configuration list for PBXNativeTarget "OCLearning" */ = {
			isa = XCConfigurationList;
			buildConfigurations = (
				FDE3801E1A1B78710033FFB1 /* Debug */,
				FDE3801F1A1B78710033FFB1 /* Release */,
			);
			defaultConfigurationIsVisible = 0;
			defaultConfigurationName = Release;
		};
/* End XCConfigurationList section */
	};
	rootObject = FDE3800E1A1B78710033FFB1 /* Project object */;
}
