// !$*UTF8*$!
{
	archiveVersion = 1;
	classes = {
	};
	objectVersion = 46;
	objects = {

/* Begin PBXBuildFile section */
		6DA7D270E9E32423DF835B17 /* FractionChapter7+MathOps.m in Sources */ = {isa = PBXBuildFile; fileRef = 6DA7DBAB78A98D372E3466D5 /* FractionChapter7+MathOps.m */; };
		6DA7D4BA74A00692E3E28D7C /* Fibonacci.m in Sources */ = {isa = PBXBuildFile; fileRef = 6DA7D69A8DF8EA7C9418DEDF /* Fibonacci.m */; };
		6DA7D8C6D47C5746C9987167 /* EnumAPILearning.m in Sources */ = {isa = PBXBuildFile; fileRef = 6DA7DA4D04D7C157FDD73641 /* EnumAPILearning.m */; };
		FD4C71391ADA4F7800DA9AF8 /* main.m in Sources */ = {isa = PBXBuildFile; fileRef = FD4C71361ADA4F7800DA9AF8 /* main.m */; };
		FD4C71581ADA5F8F00DA9AF8 /* Fraction.m in Sources */ = {isa = PBXBuildFile; fileRef = FD4C71541ADA5F8F00DA9AF8 /* Fraction.m */; };
		FD4C715F1ADA5FAD00DA9AF8 /* NSLogPrint.m in Sources */ = {isa = PBXBuildFile; fileRef = FD4C715C1ADA5FAD00DA9AF8 /* NSLogPrint.m */; };
		FD4C71671ADA66ED00DA9AF8 /* XYPoint.m in Sources */ = {isa = PBXBuildFile; fileRef = FD4C71661ADA66ED00DA9AF8 /* XYPoint.m */; };
		FD4C716C1ADA9E5400DA9AF8 /* Calculator.m in Sources */ = {isa = PBXBuildFile; fileRef = FD4C716B1ADA9E5400DA9AF8 /* Calculator.m */; };
		FD61C3771ADD5E4000A79024 /* NumbersSum.m in Sources */ = {isa = PBXBuildFile; fileRef = FD61C3761ADD5E4000A79024 /* NumbersSum.m */; };
		FD61C37C1ADD67E800A79024 /* FractionChapter7.m in Sources */ = {isa = PBXBuildFile; fileRef = FD61C37B1ADD67E800A79024 /* FractionChapter7.m */; };
		FD7263831ADC0FEB003371B1 /* Factorial.m in Sources */ = {isa = PBXBuildFile; fileRef = FD7263821ADC0FEB003371B1 /* Factorial.m */; };
		FD7263861ADC248B003371B1 /* Learning.m in Sources */ = {isa = PBXBuildFile; fileRef = FD7263851ADC248B003371B1 /* Learning.m */; };
/* End PBXBuildFile section */

/* Begin PBXCopyFilesBuildPhase section */
		FDE380141A1B78710033FFB1 /* CopyFiles */ = {
			isa = PBXCopyFilesBuildPhase;
			buildActionMask = 2147483647;
			dstPath = /usr/share/man/man1;
			dstSubfolderSpec = 0;
			files = (
			);
			runOnlyForDeploymentPostprocessing = 1;
		};
/* End PBXCopyFilesBuildPhase section */

/* Begin PBXFileReference section */
		6DA7D2002B1A57FCA3122F50 /* SUMMARY.md */ = {isa = PBXFileReference; lastKnownFileType = file.md; path = SUMMARY.md; sourceTree = "<group>"; };
		6DA7D53FD5BED2D1DF9BDACE /* SUMMARY.md */ = {isa = PBXFileReference; lastKnownFileType = file.md; path = SUMMARY.md; sourceTree = "<group>"; };
		6DA7D5CA6EA7F735E3651EB2 /* SUMMARY.md */ = {isa = PBXFileReference; lastKnownFileType = file.md; path = SUMMARY.md; sourceTree = "<group>"; };
		6DA7D69A8DF8EA7C9418DEDF /* Fibonacci.m */ = {isa = PBXFileReference; fileEncoding = 4; lastKnownFileType = sourcecode.c.objc; path = Fibonacci.m; sourceTree = "<group>"; };
		6DA7D92F7D6BE12BF81E8C3A /* FractionChapter7+MathOps.h */ = {isa = PBXFileReference; fileEncoding = 4; lastKnownFileType = sourcecode.c.h; path = "FractionChapter7+MathOps.h"; sourceTree = "<group>"; };
		6DA7D98AD74C1E8DEDD0E33E /* SUMMARY.md */ = {isa = PBXFileReference; lastKnownFileType = file.md; path = SUMMARY.md; sourceTree = "<group>"; };
		6DA7DA4D04D7C157FDD73641 /* EnumAPILearning.m */ = {isa = PBXFileReference; fileEncoding = 4; lastKnownFileType = sourcecode.c.objc; path = EnumAPILearning.m; sourceTree = "<group>"; };
		6DA7DB8CAE3D6E3DA66671B0 /* Fibonacci.h */ = {isa = PBXFileReference; fileEncoding = 4; lastKnownFileType = sourcecode.c.h; path = Fibonacci.h; sourceTree = "<group>"; };
		6DA7DBAB78A98D372E3466D5 /* FractionChapter7+MathOps.m */ = {isa = PBXFileReference; fileEncoding = 4; lastKnownFileType = sourcecode.c.objc; path = "FractionChapter7+MathOps.m"; sourceTree = "<group>"; };
		6DA7DD81DF566492824D879B /* SUMMARY.md */ = {isa = PBXFileReference; lastKnownFileType = file.md; path = SUMMARY.md; sourceTree = "<group>"; };
		6DA7DF00F66C1D1AA109C571 /* EnumAPILearning.h */ = {isa = PBXFileReference; fileEncoding = 4; lastKnownFileType = sourcecode.c.h; path = EnumAPILearning.h; sourceTree = "<group>"; };
		FD4C71361ADA4F7800DA9AF8 /* main.m */ = {isa = PBXFileReference; fileEncoding = 4; lastKnownFileType = sourcecode.c.objc; path = main.m; sourceTree = "<group>"; };
		FD4C71541ADA5F8F00DA9AF8 /* Fraction.m */ = {isa = PBXFileReference; fileEncoding = 4; lastKnownFileType = sourcecode.c.objc; path = Fraction.m; sourceTree = "<group>"; };
		FD4C71551ADA5F8F00DA9AF8 /* Fraction.h */ = {isa = PBXFileReference; fileEncoding = 4; lastKnownFileType = sourcecode.c.h; path = Fraction.h; sourceTree = "<group>"; };
		FD4C715B1ADA5FAD00DA9AF8 /* NSLogPrint.h */ = {isa = PBXFileReference; fileEncoding = 4; lastKnownFileType = sourcecode.c.h; path = NSLogPrint.h; sourceTree = "<group>"; };
		FD4C715C1ADA5FAD00DA9AF8 /* NSLogPrint.m */ = {isa = PBXFileReference; fileEncoding = 4; lastKnownFileType = sourcecode.c.objc; path = NSLogPrint.m; sourceTree = "<group>"; };
		FD4C71611ADA655D00DA9AF8 /* XYPoint.h */ = {isa = PBXFileReference; lastKnownFileType = sourcecode.c.h; path = XYPoint.h; sourceTree = "<group>"; };
		FD4C71661ADA66ED00DA9AF8 /* XYPoint.m */ = {isa = PBXFileReference; fileEncoding = 4; lastKnownFileType = sourcecode.c.objc; path = XYPoint.m; sourceTree = "<group>"; };
		FD4C716A1ADA74C600DA9AF8 /* Calculator.h */ = {isa = PBXFileReference; fileEncoding = 4; lastKnownFileType = sourcecode.c.h; path = Calculator.h; sourceTree = "<group>"; };
		FD4C716B1ADA9E5400DA9AF8 /* Calculator.m */ = {isa = PBXFileReference; fileEncoding = 4; lastKnownFileType = sourcecode.c.objc; path = Calculator.m; sourceTree = "<group>"; };
		FD61C3751ADD5E4000A79024 /* NumbersSum.h */ = {isa = PBXFileReference; fileEncoding = 4; lastKnownFileType = sourcecode.c.h; path = NumbersSum.h; sourceTree = "<group>"; };
		FD61C3761ADD5E4000A79024 /* NumbersSum.m */ = {isa = PBXFileReference; fileEncoding = 4; lastKnownFileType = sourcecode.c.objc; path = NumbersSum.m; sourceTree = "<group>"; };
		FD61C37A1ADD66DC00A79024 /* FractionChapter7.h */ = {isa = PBXFileReference; fileEncoding = 4; lastKnownFileType = sourcecode.c.h; path = FractionChapter7.h; sourceTree = "<group>"; };
		FD61C37B1ADD67E800A79024 /* FractionChapter7.m */ = {isa = PBXFileReference; fileEncoding = 4; lastKnownFileType = sourcecode.c.objc; path = FractionChapter7.m; sourceTree = "<group>"; };
		FD7263811ADC0F49003371B1 /* Factorial.h */ = {isa = PBXFileReference; fileEncoding = 4; lastKnownFileType = sourcecode.c.h; path = Factorial.h; sourceTree = "<group>"; };
		FD7263821ADC0FEB003371B1 /* Factorial.m */ = {isa = PBXFileReference; fileEncoding = 4; lastKnownFileType = sourcecode.c.objc; path = Factorial.m; sourceTree = "<group>"; };
		FD7263841ADC2460003371B1 /* Learning.h */ = {isa = PBXFileReference; lastKnownFileType = sourcecode.c.h; path = Learning.h; sourceTree = "<group>"; };
		FD7263851ADC248B003371B1 /* Learning.m */ = {isa = PBXFileReference; fileEncoding = 4; lastKnownFileType = sourcecode.c.objc; path = Learning.m; sourceTree = "<group>"; };
		FDE380161A1B78710033FFB1 /* OCLearning */ = {isa = PBXFileReference; explicitFileType = "compiled.mach-o.executable"; includeInIndex = 0; path = OCLearning; sourceTree = BUILT_PRODUCTS_DIR; };
/* End PBXFileReference section */

/* Begin PBXFrameworksBuildPhase section */
		FDE380131A1B78710033FFB1 /* Frameworks */ = {
			isa = PBXFrameworksBuildPhase;
			buildActionMask = 2147483647;
			files = (
			);
			runOnlyForDeploymentPostprocessing = 0;
		};
/* End PBXFrameworksBuildPhase section */

/* Begin PBXGroup section */
		6DA7D4C65930207AB4DCCCF9 /* Chapter8 */ = {
			isa = PBXGroup;
			children = (
				6DA7D2002B1A57FCA3122F50 /* SUMMARY.md */,
			);
			path = Chapter8;
			sourceTree = "<group>";
		};
		6DA7D4E4C74BB3A6D5D2A763 /* Chapter10 */ = {
			isa = PBXGroup;
			children = (
				6DA7D53FD5BED2D1DF9BDACE /* SUMMARY.md */,
				6DA7DA4D04D7C157FDD73641 /* EnumAPILearning.m */,
				6DA7DF00F66C1D1AA109C571 /* EnumAPILearning.h */,
			);
			path = Chapter10;
			sourceTree = "<group>";
		};
		6DA7DA70630CBE5C08152C1E /* Chapter13 */ = {
			isa = PBXGroup;
			children = (
				6DA7D98AD74C1E8DEDD0E33E /* SUMMARY.md */,
				6DA7D69A8DF8EA7C9418DEDF /* Fibonacci.m */,
				6DA7DB8CAE3D6E3DA66671B0 /* Fibonacci.h */,
			);
			path = Chapter13;
			sourceTree = "<group>";
		};
		6DA7DE558C43D40E49A9D77C /* Chapter11 */ = {
			isa = PBXGroup;
			children = (
				6DA7DD81DF566492824D879B /* SUMMARY.md */,
				6DA7DBAB78A98D372E3466D5 /* FractionChapter7+MathOps.m */,
				6DA7D92F7D6BE12BF81E8C3A /* FractionChapter7+MathOps.h */,
			);
			path = Chapter11;
			sourceTree = "<group>";
		};
		6DA7DF21FF78D2DE85471403 /* Chapter12 */ = {
			isa = PBXGroup;
			children = (
				6DA7D5CA6EA7F735E3651EB2 /* SUMMARY.md */,
			);
			path = Chapter12;
			sourceTree = "<group>";
		};
		FD4C71531ADA5F8F00DA9AF8 /* Chapter3 */ = {
			isa = PBXGroup;
			children = (
				FD4C71541ADA5F8F00DA9AF8 /* Fraction.m */,
				FD4C71551ADA5F8F00DA9AF8 /* Fraction.h */,
				FD4C71611ADA655D00DA9AF8 /* XYPoint.h */,
				FD4C71661ADA66ED00DA9AF8 /* XYPoint.m */,
			);
			path = Chapter3;
			sourceTree = "<group>";
		};
		FD4C715A1ADA5FAD00DA9AF8 /* Chapter2 */ = {
			isa = PBXGroup;
			children = (
				FD4C715B1ADA5FAD00DA9AF8 /* NSLogPrint.h */,
				FD4C715C1ADA5FAD00DA9AF8 /* NSLogPrint.m */,
			);
			path = Chapter2;
			sourceTree = "<group>";
		};
		FD4C71691ADA74C600DA9AF8 /* Chapter4 */ = {
			isa = PBXGroup;
			children = (
				FD4C716A1ADA74C600DA9AF8 /* Calculator.h */,
				FD4C716B1ADA9E5400DA9AF8 /* Calculator.m */,
			);
			path = Chapter4;
			sourceTree = "<group>";
		};
		FD61C3701ADD5AD700A79024 /* Chapter6 */ = {
			isa = PBXGroup;
			children = (
			);
			path = Chapter6;
			sourceTree = "<group>";
		};
		FD61C3791ADD66DC00A79024 /* Chapter7 */ = {
			isa = PBXGroup;
			children = (
				FD61C37A1ADD66DC00A79024 /* FractionChapter7.h */,
				FD61C37B1ADD67E800A79024 /* FractionChapter7.m */,
			);
			path = Chapter7;
			sourceTree = "<group>";
		};
		FD7263801ADC0F49003371B1 /* Chapter5 */ = {
			isa = PBXGroup;
			children = (
				FD61C3751ADD5E4000A79024 /* NumbersSum.h */,
				FD61C3761ADD5E4000A79024 /* NumbersSum.m */,
				FD7263811ADC0F49003371B1 /* Factorial.h */,
				FD7263821ADC0FEB003371B1 /* Factorial.m */,
			);
			path = Chapter5;
			sourceTree = "<group>";
		};
		FDE3800D1A1B78710033FFB1 = {
			isa = PBXGroup;
			children = (
				FDE380181A1B78710033FFB1 /* OCLearning */,
				FDE380171A1B78710033FFB1 /* Products */,
			);
			sourceTree = "<group>";
		};
		FDE380171A1B78710033FFB1 /* Products */ = {
			isa = PBXGroup;
			children = (
				FDE380161A1B78710033FFB1 /* OCLearning */,
			);
			name = Products;
			sourceTree = "<group>";
		};
		FDE380181A1B78710033FFB1 /* OCLearning */ = {
			isa = PBXGroup;
			children = (
				FD4C71361ADA4F7800DA9AF8 /* main.m */,
				FD7263841ADC2460003371B1 /* Learning.h */,
				FD7263851ADC248B003371B1 /* Learning.m */,
				FD4C715A1ADA5FAD00DA9AF8 /* Chapter2 */,
				FD4C71531ADA5F8F00DA9AF8 /* Chapter3 */,
				FD4C71691ADA74C600DA9AF8 /* Chapter4 */,
				FD7263801ADC0F49003371B1 /* Chapter5 */,
				FD61C3701ADD5AD700A79024 /* Chapter6 */,
				FD61C3791ADD66DC00A79024 /* Chapter7 */,
				6DA7D4C65930207AB4DCCCF9 /* Chapter8 */,
				6DA7D4E4C74BB3A6D5D2A763 /* Chapter10 */,
				6DA7DE558C43D40E49A9D77C /* Chapter11 */,
				6DA7DF21FF78D2DE85471403 /* Chapter12 */,
				6DA7DA70630CBE5C08152C1E /* Chapter13 */,
			);
			path = OCLearning;
			sourceTree = "<group>";
		};
/* End PBXGroup section */

/* Begin PBXNativeTarget section */
		FDE380151A1B78710033FFB1 /* OCLearning */ = {
			isa = PBXNativeTarget;
			buildConfigurationList = FDE3801D1A1B78710033FFB1 /* Build configuration list for PBXNativeTarget "OCLearning" */;
			buildPhases = (
				FDE380121A1B78710033FFB1 /* Sources */,
				FDE380131A1B78710033FFB1 /* Frameworks */,
				FDE380141A1B78710033FFB1 /* CopyFiles */,
			);
			buildRules = (
			);
			dependencies = (
			);
			name = OCLearning;
			productName = OCLearning;
			productReference = FDE380161A1B78710033FFB1 /* OCLearning */;
			productType = "com.apple.product-type.tool";
		};
/* End PBXNativeTarget section */

/* Begin PBXProject section */
		FDE3800E1A1B78710033FFB1 /* Project object */ = {
			isa = PBXProject;
			attributes = {
				LastUpgradeCheck = 0610;
				ORGANIZATIONNAME = OCLearning;
				TargetAttributes = {
					FDE380151A1B78710033FFB1 = {
						CreatedOnToolsVersion = 6.1;
					};
				};
			};
			buildConfigurationList = FDE380111A1B78710033FFB1 /* Build configuration list for PBXProject "OCLearning" */;
			compatibilityVersion = "Xcode 3.2";
			developmentRegion = English;
			hasScannedForEncodings = 0;
			knownRegions = (
				en,
			);
			mainGroup = FDE3800D1A1B78710033FFB1;
			productRefGroup = FDE380171A1B78710033FFB1 /* Products */;
			projectDirPath = "";
			projectRoot = "";
			targets = (
				FDE380151A1B78710033FFB1 /* OCLearning */,
			);
		};
/* End PBXProject section */

/* Begin PBXSourcesBuildPhase section */
		FDE380121A1B78710033FFB1 /* Sources */ = {
			isa = PBXSourcesBuildPhase;
			buildActionMask = 2147483647;
			files = (
				FD61C3771ADD5E4000A79024 /* NumbersSum.m in Sources */,
				FD4C71391ADA4F7800DA9AF8 /* main.m in Sources */,
				FD7263831ADC0FEB003371B1 /* Factorial.m in Sources */,
				FD4C715F1ADA5FAD00DA9AF8 /* NSLogPrint.m in Sources */,
				FD4C71581ADA5F8F00DA9AF8 /* Fraction.m in Sources */,
				FD4C71671ADA66ED00DA9AF8 /* XYPoint.m in Sources */,
				FD61C37C1ADD67E800A79024 /* FractionChapter7.m in Sources */,
				FD4C716C1ADA9E5400DA9AF8 /* Calculator.m in Sources */,
				FD7263861ADC248B003371B1 /* Learning.m in Sources */,
				6DA7D8C6D47C5746C9987167 /* EnumAPILearning.m in Sources */,
				6DA7D270E9E32423DF835B17 /* FractionChapter7+MathOps.m in Sources */,
				6DA7D4BA74A00692E3E28D7C /* Fibonacci.m in Sources */,
			);
			runOnlyForDeploymentPostprocessing = 0;
		};
/* End PBXSourcesBuildPhase section */

/* Begin XCBuildConfiguration section */
		FDE3801B1A1B78710033FFB1 /* Debug */ = {
			isa = XCBuildConfiguration;
			buildSettings = {
				ALWAYS_SEARCH_USER_PATHS = NO;
				CLANG_CXX_LANGUAGE_STANDARD = "gnu++0x";
				CLANG_CXX_LIBRARY = "libc++";
				CLANG_ENABLE_MODULES = YES;
				CLANG_ENABLE_OBJC_ARC = YES;
				CLANG_WARN_BOOL_CONVERSION = YES;
				CLANG_WARN_CONSTANT_CONVERSION = YES;
				CLANG_WARN_DIRECT_OBJC_ISA_USAGE = YES_ERROR;
				CLANG_WARN_EMPTY_BODY = YES;
				CLANG_WARN_ENUM_CONVERSION = YES;
				CLANG_WARN_INT_CONVERSION = YES;
				CLANG_WARN_OBJC_ROOT_CLASS = YES_ERROR;
				CLANG_WARN_UNREACHABLE_CODE = YES;
				CLANG_WARN__DUPLICATE_METHOD_MATCH = YES;
				COPY_PHASE_STRIP = NO;
				ENABLE_STRICT_OBJC_MSGSEND = YES;
				GCC_C_LANGUAGE_STANDARD = gnu99;
				GCC_DYNAMIC_NO_PIC = NO;
				GCC_OPTIMIZATION_LEVEL = 0;
				GCC_PREPROCESSOR_DEFINITIONS = (
					"DEBUG=1",
					"$(inherited)",
				);
				GCC_SYMBOLS_PRIVATE_EXTERN = NO;
				GCC_WARN_64_TO_32_BIT_CONVERSION = YES;
				GCC_WARN_ABOUT_RETURN_TYPE = YES_ERROR;
				GCC_WARN_UNDECLARED_SELECTOR = YES;
				GCC_WARN_UNINITIALIZED_AUTOS = YES_AGGRESSIVE;
				GCC_WARN_UNUSED_FUNCTION = YES;
				GCC_WARN_UNUSED_VARIABLE = YES;
				LINK_WITH_STANDARD_LIBRARIES = YES;
				MACOSX_DEPLOYMENT_TARGET = 10.10;
				MTL_ENABLE_DEBUG_INFO = YES;
				ONLY_ACTIVE_ARCH = YES;
				SDKROOT = macosx;
			};
			name = Debug;
		};
		FDE3801C1A1B78710033FFB1 /* Release */ = {
			isa = XCBuildConfiguration;
			buildSettings = {
				ALWAYS_SEARCH_USER_PATHS = NO;
				CLANG_CXX_LANGUAGE_STANDARD = "gnu++0x";
				CLANG_CXX_LIBRARY = "libc++";
				CLANG_ENABLE_MODULES = YES;
				CLANG_ENABLE_OBJC_ARC = YES;
				CLANG_WARN_BOOL_CONVERSION = YES;
				CLANG_WARN_CONSTANT_CONVERSION = YES;
				CLANG_WARN_DIRECT_OBJC_ISA_USAGE = YES_ERROR;
				CLANG_WARN_EMPTY_BODY = YES;
				CLANG_WARN_ENUM_CONVERSION = YES;
				CLANG_WARN_INT_CONVERSION = YES;
				CLANG_WARN_OBJC_ROOT_CLASS = YES_ERROR;
				CLANG_WARN_UNREACHABLE_CODE = YES;
				CLANG_WARN__DUPLICATE_METHOD_MATCH = YES;
				COPY_PHASE_STRIP = NO;
				DEBUG_INFORMATION_FORMAT = "dwarf-with-dsym";
				ENABLE_NS_ASSERTIONS = NO;
				ENABLE_STRICT_OBJC_MSGSEND = YES;
				GCC_C_LANGUAGE_STANDARD = gnu99;
				GCC_WARN_64_TO_32_BIT_CONVERSION = YES;
				GCC_WARN_ABOUT_RETURN_TYPE = YES_ERROR;
				GCC_WARN_UNDECLARED_SELECTOR = YES;
				GCC_WARN_UNINITIALIZED_AUTOS = YES_AGGRESSIVE;
				GCC_WARN_UNUSED_FUNCTION = YES;
				GCC_WARN_UNUSED_VARIABLE = YES;
				LINK_WITH_STANDARD_LIBRARIES = YES;
				MACOSX_DEPLOYMENT_TARGET = 10.10;
				MTL_ENABLE_DEBUG_INFO = NO;
				ONLY_ACTIVE_ARCH = YES;
				SDKROOT = macosx;
			};
			name = Release;
		};
		FDE3801E1A1B78710033FFB1 /* Debug */ = {
			isa = XCBuildConfiguration;
			buildSettings = {
				PRODUCT_NAME = "$(TARGET_NAME)";
			};
			name = Debug;
		};
		FDE3801F1A1B78710033FFB1 /* Release */ = {
			isa = XCBuildConfiguration;
			buildSettings = {
				PRODUCT_NAME = "$(TARGET_NAME)";
			};
			name = Release;
		};
/* End XCBuildConfiguration section */

/* Begin XCConfigurationList section */
		FDE380111A1B78710033FFB1 /* Build configuration list for PBXProject "OCLearning" */ = {
			isa = XCConfigurationList;
			buildConfigurations = (
				FDE3801B1A1B78710033FFB1 /* Debug */,
				FDE3801C1A1B78710033FFB1 /* Release */,
			);
			defaultConfigurationIsVisible = 0;
			defaultConfigurationName = Release;
		};
		FDE3801D1A1B78710033FFB1 /* Build configuration list for PBXNativeTarget "OCLearning" */ = {
			isa = XCConfigurationList;
			buildConfigurations = (
				FDE3801E1A1B78710033FFB1 /* Debug */,
				FDE3801F1A1B78710033FFB1 /* Release */,
			);
			defaultConfigurationIsVisible = 0;
			defaultConfigurationName = Release;
		};
/* End XCConfigurationList section */
	};
	rootObject = FDE3800E1A1B78710033FFB1 /* Project object */;
}
